
Microsoft Visual Studio Solution File, Format Version 12.00
# Visual Studio Version 16
VisualStudioVersion = 16.0.32002.261
MinimumVisualStudioVersion = 10.0.40219.1
Project("{FAE04EC0-301F-11D3-BF4B-00C04F79EFBC}") = "Switch_Case_CSharp-08", "Switch_Case_CSharp-08\Switch_Case_CSharp-08.csproj", "{3B8C7834-5E6B-4520-98B6-5DA65862A0A7}"
EndProject
Global
	GlobalSection(SolutionConfigurationPlatforms) = preSolution
		Debug|Any CPU = Debug|Any CPU
		Release|Any CPU = Release|Any CPU
	EndGlobalSection
	GlobalSection(ProjectConfigurationPlatforms) = postSolution
		{3B8C7834-5E6B-4520-98B6-5DA65862A0A7}.Debug|Any CPU.ActiveCfg = Debug|Any CPU
		{3B8C7834-5E6B-4520-98B6-5DA65862A0A7}.Debug|Any CPU.Build.0 = Debug|Any CPU
		{3B8C7834-5E6B-4520-98B6-5DA65862A0A7}.Release|Any CPU.ActiveCfg = Release|Any CPU
		{3B8C7834-5E6B-4520-98B6-5DA65862A0A7}.Release|Any CPU.Build.0 = Release|Any CPU
	EndGlobalSection
	GlobalSection(SolutionProperties) = preSolution
		HideSolutionNode = FALSE
	EndGlobalSection
	GlobalSection(ExtensibilityGlobals) = postSolution
		SolutionGuid = {3C476E08-8E70-47F8-B53C-4EB66A8D610F}
	EndGlobalSection
EndGlobal
